// !$*UTF8*$!
{
	archiveVersion = 1;
	classes = {
	};
	objectVersion = 77;
	objects = {

/* Begin PBXContainerItemProxy section */
		AACA70022EBDF66500EB06DF /* PBXContainerItemProxy */ = {
			isa = PBXContainerItemProxy;
			containerPortal = AACA6FEA2EBDF66400EB06DF /* Project object */;
			proxyType = 1;
			remoteGlobalIDString = AACA6FF12EBDF66400EB06DF;
			remoteInfo = "LanePulse Coach";
		};
		AACA700C2EBDF66500EB06DF /* PBXContainerItemProxy */ = {
			isa = PBXContainerItemProxy;
			containerPortal = AACA6FEA2EBDF66400EB06DF /* Project object */;
			proxyType = 1;
			remoteGlobalIDString = AACA6FF12EBDF66400EB06DF;
			remoteInfo = "LanePulse Coach";
		};
/* End PBXContainerItemProxy section */

/* Begin PBXFileReference section */
		AACA6FF22EBDF66400EB06DF /* LanePulse Coach.app */ = {isa = PBXFileReference; explicitFileType = wrapper.application; includeInIndex = 0; path = "LanePulse Coach.app"; sourceTree = BUILT_PRODUCTS_DIR; };
		AACA70012EBDF66500EB06DF /* LanePulse CoachTests.xctest */ = {isa = PBXFileReference; explicitFileType = wrapper.cfbundle; includeInIndex = 0; path = "LanePulse CoachTests.xctest"; sourceTree = BUILT_PRODUCTS_DIR; };
		AACA700B2EBDF66500EB06DF /* LanePulse CoachUITests.xctest */ = {isa = PBXFileReference; explicitFileType = wrapper.cfbundle; includeInIndex = 0; path = "LanePulse CoachUITests.xctest"; sourceTree = BUILT_PRODUCTS_DIR; };
/* End PBXFileReference section */

/* Begin PBXFileSystemSynchronizedRootGroup section */
		AACA6FF42EBDF66400EB06DF /* LanePulse Coach */ = {
			isa = PBXFileSystemSynchronizedRootGroup;
			path = "LanePulse Coach";
			sourceTree = "<group>";
		};
		AACA70042EBDF66500EB06DF /* LanePulse CoachTests */ = {
			isa = PBXFileSystemSynchronizedRootGroup;
			path = "LanePulse CoachTests";
			sourceTree = "<group>";
		};
		AACA700E2EBDF66500EB06DF /* LanePulse CoachUITests */ = {
			isa = PBXFileSystemSynchronizedRootGroup;
			path = "LanePulse CoachUITests";
			sourceTree = "<group>";
		};
/* End PBXFileSystemSynchronizedRootGroup section */

/* Begin PBXFrameworksBuildPhase section */
		AACA6FEF2EBDF66400EB06DF /* Frameworks */ = {
			isa = PBXFrameworksBuildPhase;
			buildActionMask = 2147483647;
			files = (
			);
			runOnlyForDeploymentPostprocessing = 0;
		};
		AACA6FFE2EBDF66500EB06DF /* Frameworks */ = {
			isa = PBXFrameworksBuildPhase;
			buildActionMask = 2147483647;
			files = (
			);
			runOnlyForDeploymentPostprocessing = 0;
		};
		AACA70082EBDF66500EB06DF /* Frameworks */ = {
			isa = PBXFrameworksBuildPhase;
			buildActionMask = 2147483647;
			files = (
			);
			runOnlyForDeploymentPostprocessing = 0;
		};
/* End PBXFrameworksBuildPhase section */

/* Begin PBXGroup section */
		AACA6FE92EBDF66400EB06DF = {
			isa = PBXGroup;
			children = (
				AACA6FF42EBDF66400EB06DF /* LanePulse Coach */,
				AACA70042EBDF66500EB06DF /* LanePulse CoachTests */,
				AACA700E2EBDF66500EB06DF /* LanePulse CoachUITests */,
				AACA6FF32EBDF66400EB06DF /* Products */,
			);
			sourceTree = "<group>";
		};
		AACA6FF32EBDF66400EB06DF /* Products */ = {
			isa = PBXGroup;
			children = (
				AACA6FF22EBDF66400EB06DF /* LanePulse Coach.app */,
				AACA70012EBDF66500EB06DF /* LanePulse CoachTests.xctest */,
				AACA700B2EBDF66500EB06DF /* LanePulse CoachUITests.xctest */,
			);
			name = Products;
			sourceTree = "<group>";
		};
/* End PBXGroup section */

/* Begin PBXNativeTarget section */
		AACA6FF12EBDF66400EB06DF /* LanePulse Coach */ = {
			isa = PBXNativeTarget;
			buildConfigurationList = AACA70152EBDF66500EB06DF /* Build configuration list for PBXNativeTarget "LanePulse Coach" */;
			buildPhases = (
				AACA6FEE2EBDF66400EB06DF /* Sources */,
				AACA6FEF2EBDF66400EB06DF /* Frameworks */,
				AACA6FF02EBDF66400EB06DF /* Resources */,
			);
			buildRules = (
			);
			dependencies = (
			);
			fileSystemSynchronizedGroups = (
				AACA6FF42EBDF66400EB06DF /* LanePulse Coach */,
			);
			name = "LanePulse Coach";
			packageProductDependencies = (
			);
			productName = "LanePulse Coach";
			productReference = AACA6FF22EBDF66400EB06DF /* LanePulse Coach.app */;
			productType = "com.apple.product-type.application";
		};
		AACA70002EBDF66500EB06DF /* LanePulse CoachTests */ = {
			isa = PBXNativeTarget;
			buildConfigurationList = AACA70182EBDF66500EB06DF /* Build configuration list for PBXNativeTarget "LanePulse CoachTests" */;
			buildPhases = (
				AACA6FFD2EBDF66500EB06DF /* Sources */,
				AACA6FFE2EBDF66500EB06DF /* Frameworks */,
				AACA6FFF2EBDF66500EB06DF /* Resources */,
			);
			buildRules = (
			);
			dependencies = (
				AACA70032EBDF66500EB06DF /* PBXTargetDependency */,
			);
			fileSystemSynchronizedGroups = (
				AACA70042EBDF66500EB06DF /* LanePulse CoachTests */,
			);
			name = "LanePulse CoachTests";
			packageProductDependencies = (
			);
			productName = "LanePulse CoachTests";
			productReference = AACA70012EBDF66500EB06DF /* LanePulse CoachTests.xctest */;
			productType = "com.apple.product-type.bundle.unit-test";
		};
		AACA700A2EBDF66500EB06DF /* LanePulse CoachUITests */ = {
			isa = PBXNativeTarget;
			buildConfigurationList = AACA701B2EBDF66500EB06DF /* Build configuration list for PBXNativeTarget "LanePulse CoachUITests" */;
			buildPhases = (
				AACA70072EBDF66500EB06DF /* Sources */,
				AACA70082EBDF66500EB06DF /* Frameworks */,
				AACA70092EBDF66500EB06DF /* Resources */,
			);
			buildRules = (
			);
			dependencies = (
				AACA700D2EBDF66500EB06DF /* PBXTargetDependency */,
			);
			fileSystemSynchronizedGroups = (
				AACA700E2EBDF66500EB06DF /* LanePulse CoachUITests */,
			);
			name = "LanePulse CoachUITests";
			packageProductDependencies = (
			);
			productName = "LanePulse CoachUITests";
			productReference = AACA700B2EBDF66500EB06DF /* LanePulse CoachUITests.xctest */;
			productType = "com.apple.product-type.bundle.ui-testing";
		};
/* End PBXNativeTarget section */

/* Begin PBXProject section */
		AACA6FEA2EBDF66400EB06DF /* Project object */ = {
			isa = PBXProject;
			attributes = {
				BuildIndependentTargetsInParallel = 1;
				LastSwiftUpdateCheck = 2610;
				LastUpgradeCheck = 2610;
				TargetAttributes = {
					AACA6FF12EBDF66400EB06DF = {
						CreatedOnToolsVersion = 26.1;
					};
					AACA70002EBDF66500EB06DF = {
						CreatedOnToolsVersion = 26.1;
						TestTargetID = AACA6FF12EBDF66400EB06DF;
					};
					AACA700A2EBDF66500EB06DF = {
						CreatedOnToolsVersion = 26.1;
						TestTargetID = AACA6FF12EBDF66400EB06DF;
					};
				};
			};
			buildConfigurationList = AACA6FED2EBDF66400EB06DF /* Build configuration list for PBXProject "LanePulse Coach" */;
			developmentRegion = en;
			hasScannedForEncodings = 0;
			knownRegions = (
				en,
				Base,
			);
			mainGroup = AACA6FE92EBDF66400EB06DF;
			minimizedProjectReferenceProxies = 1;
			preferredProjectObjectVersion = 77;
			productRefGroup = AACA6FF32EBDF66400EB06DF /* Products */;
			projectDirPath = "";
			projectRoot = "";
			targets = (
				AACA6FF12EBDF66400EB06DF /* LanePulse Coach */,
				AACA70002EBDF66500EB06DF /* LanePulse CoachTests */,
				AACA700A2EBDF66500EB06DF /* LanePulse CoachUITests */,
			);
		};
/* End PBXProject section */

/* Begin PBXResourcesBuildPhase section */
		AACA6FF02EBDF66400EB06DF /* Resources */ = {
			isa = PBXResourcesBuildPhase;
			buildActionMask = 2147483647;
			files = (
			);
			runOnlyForDeploymentPostprocessing = 0;
		};
		AACA6FFF2EBDF66500EB06DF /* Resources */ = {
			isa = PBXResourcesBuildPhase;
			buildActionMask = 2147483647;
			files = (
			);
			runOnlyForDeploymentPostprocessing = 0;
		};
		AACA70092EBDF66500EB06DF /* Resources */ = {
			isa = PBXResourcesBuildPhase;
			buildActionMask = 2147483647;
			files = (
			);
			runOnlyForDeploymentPostprocessing = 0;
		};
/* End PBXResourcesBuildPhase section */

/* Begin PBXSourcesBuildPhase section */
		AACA6FEE2EBDF66400EB06DF /* Sources */ = {
			isa = PBXSourcesBuildPhase;
			buildActionMask = 2147483647;
			files = (
			);
			runOnlyForDeploymentPostprocessing = 0;
		};
		AACA6FFD2EBDF66500EB06DF /* Sources */ = {
			isa = PBXSourcesBuildPhase;
			buildActionMask = 2147483647;
			files = (
			);
			runOnlyForDeploymentPostprocessing = 0;
		};
		AACA70072EBDF66500EB06DF /* Sources */ = {
			isa = PBXSourcesBuildPhase;
			buildActionMask = 2147483647;
			files = (
			);
			runOnlyForDeploymentPostprocessing = 0;
		};
/* End PBXSourcesBuildPhase section */

/* Begin PBXTargetDependency section */
		AACA70032EBDF66500EB06DF /* PBXTargetDependency */ = {
			isa = PBXTargetDependency;
			target = AACA6FF12EBDF66400EB06DF /* LanePulse Coach */;
			targetProxy = AACA70022EBDF66500EB06DF /* PBXContainerItemProxy */;
		};
		AACA700D2EBDF66500EB06DF /* PBXTargetDependency */ = {
			isa = PBXTargetDependency;
			target = AACA6FF12EBDF66400EB06DF /* LanePulse Coach */;
			targetProxy = AACA700C2EBDF66500EB06DF /* PBXContainerItemProxy */;
		};
/* End PBXTargetDependency section */

/* Begin XCBuildConfiguration section */
		AACA70132EBDF66500EB06DF /* Debug */ = {
			isa = XCBuildConfiguration;
			buildSettings = {
				ALWAYS_SEARCH_USER_PATHS = NO;
				ASSETCATALOG_COMPILER_GENERATE_SWIFT_ASSET_SYMBOL_EXTENSIONS = YES;
				CLANG_ANALYZER_NONNULL = YES;
				CLANG_ANALYZER_NUMBER_OBJECT_CONVERSION = YES_AGGRESSIVE;
				CLANG_CXX_LANGUAGE_STANDARD = "gnu++20";
				CLANG_ENABLE_MODULES = YES;
				CLANG_ENABLE_OBJC_ARC = YES;
				CLANG_ENABLE_OBJC_WEAK = YES;
				CLANG_WARN_BLOCK_CAPTURE_AUTORELEASING = YES;
				CLANG_WARN_BOOL_CONVERSION = YES;
				CLANG_WARN_COMMA = YES;
				CLANG_WARN_CONSTANT_CONVERSION = YES;
				CLANG_WARN_DEPRECATED_OBJC_IMPLEMENTATIONS = YES;
				CLANG_WARN_DIRECT_OBJC_ISA_USAGE = YES_ERROR;
				CLANG_WARN_DOCUMENTATION_COMMENTS = YES;
				CLANG_WARN_EMPTY_BODY = YES;
				CLANG_WARN_ENUM_CONVERSION = YES;
				CLANG_WARN_INFINITE_RECURSION = YES;
				CLANG_WARN_INT_CONVERSION = YES;
				CLANG_WARN_NON_LITERAL_NULL_CONVERSION = YES;
				CLANG_WARN_OBJC_IMPLICIT_RETAIN_SELF = YES;
				CLANG_WARN_OBJC_LITERAL_CONVERSION = YES;
				CLANG_WARN_OBJC_ROOT_CLASS = YES_ERROR;
				CLANG_WARN_QUOTED_INCLUDE_IN_FRAMEWORK_HEADER = YES;
				CLANG_WARN_RANGE_LOOP_ANALYSIS = YES;
				CLANG_WARN_STRICT_PROTOTYPES = YES;
				CLANG_WARN_SUSPICIOUS_MOVE = YES;
				CLANG_WARN_UNGUARDED_AVAILABILITY = YES_AGGRESSIVE;
				CLANG_WARN_UNREACHABLE_CODE = YES;
				CLANG_WARN__DUPLICATE_METHOD_MATCH = YES;
				COPY_PHASE_STRIP = NO;
				DEBUG_INFORMATION_FORMAT = dwarf;
				DEVELOPMENT_TEAM = 9558ZS5LJW;
				ENABLE_STRICT_OBJC_MSGSEND = YES;
				ENABLE_TESTABILITY = YES;
				ENABLE_USER_SCRIPT_SANDBOXING = YES;
				GCC_C_LANGUAGE_STANDARD = gnu17;
				GCC_DYNAMIC_NO_PIC = NO;
				GCC_NO_COMMON_BLOCKS = YES;
				GCC_OPTIMIZATION_LEVEL = 0;
				GCC_PREPROCESSOR_DEFINITIONS = (
					"DEBUG=1",
					"$(inherited)",
				);
				GCC_WARN_64_TO_32_BIT_CONVERSION = YES;
				GCC_WARN_ABOUT_RETURN_TYPE = YES_ERROR;
				GCC_WARN_UNDECLARED_SELECTOR = YES;
				GCC_WARN_UNINITIALIZED_AUTOS = YES_AGGRESSIVE;
				GCC_WARN_UNUSED_FUNCTION = YES;
				GCC_WARN_UNUSED_VARIABLE = YES;
				IPHONEOS_DEPLOYMENT_TARGET = 17.4;
				LOCALIZATION_PREFERS_STRING_CATALOGS = YES;
				MTL_ENABLE_DEBUG_INFO = INCLUDE_SOURCE;
				MTL_FAST_MATH = YES;
				ONLY_ACTIVE_ARCH = YES;
				SDKROOT = iphoneos;
				SWIFT_ACTIVE_COMPILATION_CONDITIONS = "DEBUG $(inherited)";
				SWIFT_OPTIMIZATION_LEVEL = "-Onone";
			};
			name = Debug;
		};
		AACA70142EBDF66500EB06DF /* Release */ = {
			isa = XCBuildConfiguration;
			buildSettings = {
				ALWAYS_SEARCH_USER_PATHS = NO;
				ASSETCATALOG_COMPILER_GENERATE_SWIFT_ASSET_SYMBOL_EXTENSIONS = YES;
				CLANG_ANALYZER_NONNULL = YES;
				CLANG_ANALYZER_NUMBER_OBJECT_CONVERSION = YES_AGGRESSIVE;
				CLANG_CXX_LANGUAGE_STANDARD = "gnu++20";
				CLANG_ENABLE_MODULES = YES;
				CLANG_ENABLE_OBJC_ARC = YES;
				CLANG_ENABLE_OBJC_WEAK = YES;
				CLANG_WARN_BLOCK_CAPTURE_AUTORELEASING = YES;
				CLANG_WARN_BOOL_CONVERSION = YES;
				CLANG_WARN_COMMA = YES;
				CLANG_WARN_CONSTANT_CONVERSION = YES;
				CLANG_WARN_DEPRECATED_OBJC_IMPLEMENTATIONS = YES;
				CLANG_WARN_DIRECT_OBJC_ISA_USAGE = YES_ERROR;
				CLANG_WARN_DOCUMENTATION_COMMENTS = YES;
				CLANG_WARN_EMPTY_BODY = YES;
				CLANG_WARN_ENUM_CONVERSION = YES;
				CLANG_WARN_INFINITE_RECURSION = YES;
				CLANG_WARN_INT_CONVERSION = YES;
				CLANG_WARN_NON_LITERAL_NULL_CONVERSION = YES;
				CLANG_WARN_OBJC_IMPLICIT_RETAIN_SELF = YES;
				CLANG_WARN_OBJC_LITERAL_CONVERSION = YES;
				CLANG_WARN_OBJC_ROOT_CLASS = YES_ERROR;
				CLANG_WARN_QUOTED_INCLUDE_IN_FRAMEWORK_HEADER = YES;
				CLANG_WARN_RANGE_LOOP_ANALYSIS = YES;
				CLANG_WARN_STRICT_PROTOTYPES = YES;
				CLANG_WARN_SUSPICIOUS_MOVE = YES;
				CLANG_WARN_UNGUARDED_AVAILABILITY = YES_AGGRESSIVE;
				CLANG_WARN_UNREACHABLE_CODE = YES;
				CLANG_WARN__DUPLICATE_METHOD_MATCH = YES;
				COPY_PHASE_STRIP = NO;
				DEBUG_INFORMATION_FORMAT = "dwarf-with-dsym";
				DEVELOPMENT_TEAM = 9558ZS5LJW;
				ENABLE_NS_ASSERTIONS = NO;
				ENABLE_STRICT_OBJC_MSGSEND = YES;
				ENABLE_USER_SCRIPT_SANDBOXING = YES;
				GCC_C_LANGUAGE_STANDARD = gnu17;
				GCC_NO_COMMON_BLOCKS = YES;
				GCC_WARN_64_TO_32_BIT_CONVERSION = YES;
				GCC_WARN_ABOUT_RETURN_TYPE = YES_ERROR;
				GCC_WARN_UNDECLARED_SELECTOR = YES;
				GCC_WARN_UNINITIALIZED_AUTOS = YES_AGGRESSIVE;
				GCC_WARN_UNUSED_FUNCTION = YES;
				GCC_WARN_UNUSED_VARIABLE = YES;
				IPHONEOS_DEPLOYMENT_TARGET = 17.4;
				LOCALIZATION_PREFERS_STRING_CATALOGS = YES;
				MTL_ENABLE_DEBUG_INFO = NO;
				MTL_FAST_MATH = YES;
				SDKROOT = iphoneos;
				SWIFT_COMPILATION_MODE = wholemodule;
				VALIDATE_PRODUCT = YES;
			};
			name = Release;
		};
		AACA70162EBDF66500EB06DF /* Debug */ = {
			isa = XCBuildConfiguration;
			buildSettings = {
				ASSETCATALOG_COMPILER_APPICON_NAME = AppIcon;
				ASSETCATALOG_COMPILER_GLOBAL_ACCENT_COLOR_NAME = AccentColor;
				CODE_SIGN_STYLE = Automatic;
				CURRENT_PROJECT_VERSION = 1;
				DEVELOPMENT_TEAM = 9558ZS5LJW;
				ENABLE_PREVIEWS = YES;
				GENERATE_INFOPLIST_FILE = YES;
				INFOPLIST_KEY_BGTaskSchedulerPermittedIdentifiers = "com.lanepulse.coach.background-processing com.lanepulse.coach.app-refresh";
				INFOPLIST_KEY_NSBluetoothAlwaysUsageDescription = "LanePulse Coach uses Bluetooth to stay connected with your lane-tracking hardware and training sensors during workouts.";
				INFOPLIST_KEY_NSBluetoothPeripheralUsageDescription = "LanePulse Coach needs Bluetooth access to pair with your lane-tracking hardware and manage sensor connections.";
				INFOPLIST_KEY_UIApplicationSceneManifest_Generation = YES;
				INFOPLIST_KEY_UIApplicationSupportsIndirectInputEvents = YES;
				INFOPLIST_KEY_UIBackgroundModes = "processing remote-notification fetch";
				INFOPLIST_KEY_UILaunchScreen_Generation = YES;
				INFOPLIST_KEY_UISupportedInterfaceOrientations_iPad = "UIInterfaceOrientationPortrait UIInterfaceOrientationPortraitUpsideDown UIInterfaceOrientationLandscapeLeft UIInterfaceOrientationLandscapeRight";
				INFOPLIST_KEY_UISupportedInterfaceOrientations_iPhone = "UIInterfaceOrientationPortrait UIInterfaceOrientationLandscapeLeft UIInterfaceOrientationLandscapeRight";
				LD_RUNPATH_SEARCH_PATHS = (
					"$(inherited)",
					"@executable_path/Frameworks",
				);
				MARKETING_VERSION = 1.0;
				PRODUCT_BUNDLE_IDENTIFIER = "christian.hemker.LanePulse-Coach";
				PRODUCT_NAME = "$(TARGET_NAME)";
				STRING_CATALOG_GENERATE_SYMBOLS = YES;
				SWIFT_APPROACHABLE_CONCURRENCY = YES;
				SWIFT_DEFAULT_ACTOR_ISOLATION = MainActor;
				SWIFT_EMIT_LOC_STRINGS = YES;
				SWIFT_UPCOMING_FEATURE_MEMBER_IMPORT_VISIBILITY = YES;
				SWIFT_VERSION = 5.0;
				TARGETED_DEVICE_FAMILY = "1,2";
			};
			name = Debug;
		};
		AACA70172EBDF66500EB06DF /* Release */ = {
			isa = XCBuildConfiguration;
			buildSettings = {
				ASSETCATALOG_COMPILER_APPICON_NAME = AppIcon;
				ASSETCATALOG_COMPILER_GLOBAL_ACCENT_COLOR_NAME = AccentColor;
				CODE_SIGN_STYLE = Automatic;
				CURRENT_PROJECT_VERSION = 1;
				DEVELOPMENT_TEAM = 9558ZS5LJW;
				ENABLE_PREVIEWS = YES;
				GENERATE_INFOPLIST_FILE = YES;
				INFOPLIST_KEY_BGTaskSchedulerPermittedIdentifiers = "com.lanepulse.coach.background-processing com.lanepulse.coach.app-refresh";
				INFOPLIST_KEY_NSBluetoothAlwaysUsageDescription = "LanePulse Coach uses Bluetooth to stay connected with your lane-tracking hardware and training sensors during workouts.";
				INFOPLIST_KEY_NSBluetoothPeripheralUsageDescription = "LanePulse Coach needs Bluetooth access to pair with your lane-tracking hardware and manage sensor connections.";
				INFOPLIST_KEY_UIApplicationSceneManifest_Generation = YES;
				INFOPLIST_KEY_UIApplicationSupportsIndirectInputEvents = YES;
				INFOPLIST_KEY_UIBackgroundModes = "processing remote-notification fetch";
				INFOPLIST_KEY_UILaunchScreen_Generation = YES;
				INFOPLIST_KEY_UISupportedInterfaceOrientations_iPad = "UIInterfaceOrientationPortrait UIInterfaceOrientationPortraitUpsideDown UIInterfaceOrientationLandscapeLeft UIInterfaceOrientationLandscapeRight";
				INFOPLIST_KEY_UISupportedInterfaceOrientations_iPhone = "UIInterfaceOrientationPortrait UIInterfaceOrientationLandscapeLeft UIInterfaceOrientationLandscapeRight";
				LD_RUNPATH_SEARCH_PATHS = (
					"$(inherited)",
					"@executable_path/Frameworks",
				);
				MARKETING_VERSION = 1.0;
				PRODUCT_BUNDLE_IDENTIFIER = "christian.hemker.LanePulse-Coach";
				PRODUCT_NAME = "$(TARGET_NAME)";
				STRING_CATALOG_GENERATE_SYMBOLS = YES;
				SWIFT_APPROACHABLE_CONCURRENCY = YES;
				SWIFT_DEFAULT_ACTOR_ISOLATION = MainActor;
				SWIFT_EMIT_LOC_STRINGS = YES;
				SWIFT_UPCOMING_FEATURE_MEMBER_IMPORT_VISIBILITY = YES;
				SWIFT_VERSION = 5.0;
				TARGETED_DEVICE_FAMILY = "1,2";
			};
			name = Release;
		};
		AACA70192EBDF66500EB06DF /* Debug */ = {
			isa = XCBuildConfiguration;
			buildSettings = {
				BUNDLE_LOADER = "$(TEST_HOST)";
				CODE_SIGN_STYLE = Automatic;
				CURRENT_PROJECT_VERSION = 1;
				DEVELOPMENT_TEAM = 9558ZS5LJW;
				GENERATE_INFOPLIST_FILE = YES;
				IPHONEOS_DEPLOYMENT_TARGET = 17.4;
				MARKETING_VERSION = 1.0;
				PRODUCT_BUNDLE_IDENTIFIER = "christian.hemker.LanePulse-CoachTests";
				PRODUCT_NAME = "$(TARGET_NAME)";
				STRING_CATALOG_GENERATE_SYMBOLS = NO;
				SWIFT_APPROACHABLE_CONCURRENCY = YES;
				SWIFT_EMIT_LOC_STRINGS = NO;
				SWIFT_UPCOMING_FEATURE_MEMBER_IMPORT_VISIBILITY = YES;
				SWIFT_VERSION = 5.0;
				TARGETED_DEVICE_FAMILY = "1,2";
				TEST_HOST = "$(BUILT_PRODUCTS_DIR)/LanePulse Coach.app/$(BUNDLE_EXECUTABLE_FOLDER_PATH)/LanePulse Coach";
			};
			name = Debug;
		};
		AACA701A2EBDF66500EB06DF /* Release */ = {
			isa = XCBuildConfiguration;
			buildSettings = {
				BUNDLE_LOADER = "$(TEST_HOST)";
				CODE_SIGN_STYLE = Automatic;
				CURRENT_PROJECT_VERSION = 1;
				DEVELOPMENT_TEAM = 9558ZS5LJW;
				GENERATE_INFOPLIST_FILE = YES;
				IPHONEOS_DEPLOYMENT_TARGET = 17.4;
				MARKETING_VERSION = 1.0;
				PRODUCT_BUNDLE_IDENTIFIER = "christian.hemker.LanePulse-CoachTests";
				PRODUCT_NAME = "$(TARGET_NAME)";
				STRING_CATALOG_GENERATE_SYMBOLS = NO;
				SWIFT_APPROACHABLE_CONCURRENCY = YES;
				SWIFT_EMIT_LOC_STRINGS = NO;
				SWIFT_UPCOMING_FEATURE_MEMBER_IMPORT_VISIBILITY = YES;
				SWIFT_VERSION = 5.0;
				TARGETED_DEVICE_FAMILY = "1,2";
				TEST_HOST = "$(BUILT_PRODUCTS_DIR)/LanePulse Coach.app/$(BUNDLE_EXECUTABLE_FOLDER_PATH)/LanePulse Coach";
			};
			name = Release;
		};
		AACA701C2EBDF66500EB06DF /* Debug */ = {
			isa = XCBuildConfiguration;
			buildSettings = {
				CODE_SIGN_STYLE = Automatic;
				CURRENT_PROJECT_VERSION = 1;
				DEVELOPMENT_TEAM = 9558ZS5LJW;
				GENERATE_INFOPLIST_FILE = YES;
				MARKETING_VERSION = 1.0;
				PRODUCT_BUNDLE_IDENTIFIER = "christian.hemker.LanePulse-CoachUITests";
				PRODUCT_NAME = "$(TARGET_NAME)";
				STRING_CATALOG_GENERATE_SYMBOLS = NO;
				SWIFT_APPROACHABLE_CONCURRENCY = YES;
				SWIFT_EMIT_LOC_STRINGS = NO;
				SWIFT_UPCOMING_FEATURE_MEMBER_IMPORT_VISIBILITY = YES;
				SWIFT_VERSION = 5.0;
				TARGETED_DEVICE_FAMILY = "1,2";
				TEST_TARGET_NAME = "LanePulse Coach";
			};
			name = Debug;
		};
		AACA701D2EBDF66500EB06DF /* Release */ = {
			isa = XCBuildConfiguration;
			buildSettings = {
				CODE_SIGN_STYLE = Automatic;
				CURRENT_PROJECT_VERSION = 1;
				DEVELOPMENT_TEAM = 9558ZS5LJW;
				GENERATE_INFOPLIST_FILE = YES;
				MARKETING_VERSION = 1.0;
				PRODUCT_BUNDLE_IDENTIFIER = "christian.hemker.LanePulse-CoachUITests";
				PRODUCT_NAME = "$(TARGET_NAME)";
				STRING_CATALOG_GENERATE_SYMBOLS = NO;
				SWIFT_APPROACHABLE_CONCURRENCY = YES;
				SWIFT_EMIT_LOC_STRINGS = NO;
				SWIFT_UPCOMING_FEATURE_MEMBER_IMPORT_VISIBILITY = YES;
				SWIFT_VERSION = 5.0;
				TARGETED_DEVICE_FAMILY = "1,2";
				TEST_TARGET_NAME = "LanePulse Coach";
			};
			name = Release;
		};
/* End XCBuildConfiguration section */

/* Begin XCConfigurationList section */
		AACA6FED2EBDF66400EB06DF /* Build configuration list for PBXProject "LanePulse Coach" */ = {
			isa = XCConfigurationList;
			buildConfigurations = (
				AACA70132EBDF66500EB06DF /* Debug */,
				AACA70142EBDF66500EB06DF /* Release */,
			);
			defaultConfigurationIsVisible = 0;
			defaultConfigurationName = Release;
		};
		AACA70152EBDF66500EB06DF /* Build configuration list for PBXNativeTarget "LanePulse Coach" */ = {
			isa = XCConfigurationList;
			buildConfigurations = (
				AACA70162EBDF66500EB06DF /* Debug */,
				AACA70172EBDF66500EB06DF /* Release */,
			);
			defaultConfigurationIsVisible = 0;
			defaultConfigurationName = Release;
		};
		AACA70182EBDF66500EB06DF /* Build configuration list for PBXNativeTarget "LanePulse CoachTests" */ = {
			isa = XCConfigurationList;
			buildConfigurations = (
				AACA70192EBDF66500EB06DF /* Debug */,
				AACA701A2EBDF66500EB06DF /* Release */,
			);
			defaultConfigurationIsVisible = 0;
			defaultConfigurationName = Release;
		};
		AACA701B2EBDF66500EB06DF /* Build configuration list for PBXNativeTarget "LanePulse CoachUITests" */ = {
			isa = XCConfigurationList;
			buildConfigurations = (
				AACA701C2EBDF66500EB06DF /* Debug */,
				AACA701D2EBDF66500EB06DF /* Release */,
			);
			defaultConfigurationIsVisible = 0;
			defaultConfigurationName = Release;
		};
/* End XCConfigurationList section */
	};
	rootObject = AACA6FEA2EBDF66400EB06DF /* Project object */;
}
